// !$*UTF8*$!
{
	archiveVersion = 1;
	classes = {
	};
	objectVersion = 46;
	objects = {

/* Begin PBXBuildFile section */
		6F36DE8C1B226DA200F89982 /* MainScene.swift in Sources */ = {isa = PBXBuildFile; fileRef = 6F36DE8B1B226DA200F89982 /* MainScene.swift */; };
		7A4036EB19DE3F8E007B6E8F /* GLKit.framework in Frameworks */ = {isa = PBXBuildFile; fileRef = 8392007918EE8E3300B6C429 /* GLKit.framework */; };
		7A4036EC19DE3F90007B6E8F /* QuartzCore.framework in Frameworks */ = {isa = PBXBuildFile; fileRef = B77F1B3117B978D7009739AE /* QuartzCore.framework */; };
		7A4036EE19DE3F93007B6E8F /* OpenAL.framework in Frameworks */ = {isa = PBXBuildFile; fileRef = B77F1B3517B978D7009739AE /* OpenAL.framework */; };
		7A4036EF19DE3F95007B6E8F /* AudioToolbox.framework in Frameworks */ = {isa = PBXBuildFile; fileRef = B77F1B3717B978D7009739AE /* AudioToolbox.framework */; };
		7A4036F019DE3F97007B6E8F /* AVFoundation.framework in Frameworks */ = {isa = PBXBuildFile; fileRef = B77F1B3917B978D7009739AE /* AVFoundation.framework */; };
		7A4036F119DE3F9C007B6E8F /* Foundation.framework in Frameworks */ = {isa = PBXBuildFile; fileRef = B77F1B3D17B978D7009739AE /* Foundation.framework */; };
		7A4036F219DE3F9E007B6E8F /* CoreGraphics.framework in Frameworks */ = {isa = PBXBuildFile; fileRef = B77F1B3F17B978D7009739AE /* CoreGraphics.framework */; };
		7A4036F319DE3FA0007B6E8F /* CoreText.framework in Frameworks */ = {isa = PBXBuildFile; fileRef = B77F1B4117B978D7009739AE /* CoreText.framework */; };
		7A4036F519DE3FA8007B6E8F /* AppKit.framework in Frameworks */ = {isa = PBXBuildFile; fileRef = 7A4036F419DE3FA8007B6E8F /* AppKit.framework */; };
		7A59493B19E37F9300F65F90 /* OpenGL.framework in Frameworks */ = {isa = PBXBuildFile; fileRef = 7A59493A19E37F9300F65F90 /* OpenGL.framework */; };
		7A59493D19E37FB200F65F90 /* libz.dylib in Frameworks */ = {isa = PBXBuildFile; fileRef = 7A59493C19E37FB200F65F90 /* libz.dylib */; };
		8392007A18EE8E3300B6C429 /* GLKit.framework in Frameworks */ = {isa = PBXBuildFile; fileRef = 8392007918EE8E3300B6C429 /* GLKit.framework */; };
		927F61A5196C771E000F43EF /* OpenAL.framework in Frameworks */ = {isa = PBXBuildFile; fileRef = B77F1B3517B978D7009739AE /* OpenAL.framework */; };
		927F61A9196C771E000F43EF /* Foundation.framework in Frameworks */ = {isa = PBXBuildFile; fileRef = B77F1B3D17B978D7009739AE /* Foundation.framework */; };
		927F61AA196C771E000F43EF /* CoreGraphics.framework in Frameworks */ = {isa = PBXBuildFile; fileRef = B77F1B3F17B978D7009739AE /* CoreGraphics.framework */; };
		927F61AB196C771E000F43EF /* CoreText.framework in Frameworks */ = {isa = PBXBuildFile; fileRef = B77F1B4117B978D7009739AE /* CoreText.framework */; };
		B77F1B3217B978D7009739AE /* QuartzCore.framework in Frameworks */ = {isa = PBXBuildFile; fileRef = B77F1B3117B978D7009739AE /* QuartzCore.framework */; };
		B77F1B3417B978D7009739AE /* OpenGLES.framework in Frameworks */ = {isa = PBXBuildFile; fileRef = B77F1B3317B978D7009739AE /* OpenGLES.framework */; };
		B77F1B3617B978D7009739AE /* OpenAL.framework in Frameworks */ = {isa = PBXBuildFile; fileRef = B77F1B3517B978D7009739AE /* OpenAL.framework */; };
		B77F1B3817B978D7009739AE /* AudioToolbox.framework in Frameworks */ = {isa = PBXBuildFile; fileRef = B77F1B3717B978D7009739AE /* AudioToolbox.framework */; };
		B77F1B3A17B978D7009739AE /* AVFoundation.framework in Frameworks */ = {isa = PBXBuildFile; fileRef = B77F1B3917B978D7009739AE /* AVFoundation.framework */; };
		B77F1B3C17B978D7009739AE /* UIKit.framework in Frameworks */ = {isa = PBXBuildFile; fileRef = B77F1B3B17B978D7009739AE /* UIKit.framework */; };
		B77F1B3E17B978D7009739AE /* Foundation.framework in Frameworks */ = {isa = PBXBuildFile; fileRef = B77F1B3D17B978D7009739AE /* Foundation.framework */; };
		B77F1B4017B978D7009739AE /* CoreGraphics.framework in Frameworks */ = {isa = PBXBuildFile; fileRef = B77F1B3F17B978D7009739AE /* CoreGraphics.framework */; };
		B77F1B4217B978D7009739AE /* CoreText.framework in Frameworks */ = {isa = PBXBuildFile; fileRef = B77F1B4117B978D7009739AE /* CoreText.framework */; };
/* End PBXBuildFile section */

/* Begin PBXFileReference section */
		6F36DE8B1B226DA200F89982 /* MainScene.swift */ = {isa = PBXFileReference; fileEncoding = 4; lastKnownFileType = sourcecode.swift; path = MainScene.swift; sourceTree = "<group>"; };
		6F36DE8D1B226DE700F89982 /* TimberClone.app */ = {isa = PBXFileReference; explicitFileType = wrapper.application; includeInIndex = 0; name = TimberClone.app; path = "/Users/TheFreshDuke/Desktop/iOS/SubsetSumSwift/build/Debug-iphoneos/TimberClone.app"; sourceTree = "<absolute>"; };
		6F36DE8E1B226DE700F89982 /* TimberClone Android.app */ = {isa = PBXFileReference; explicitFileType = wrapper.application; includeInIndex = 0; name = "TimberClone Android.app"; path = "/Users/TheFreshDuke/Desktop/iOS/SubsetSumSwift/build/Debug/TimberClone Android.app"; sourceTree = "<absolute>"; };
		6F36DE8F1B226DE700F89982 /* TimberClone Mac.app */ = {isa = PBXFileReference; explicitFileType = wrapper.application; includeInIndex = 0; name = "TimberClone Mac.app"; path = "/Users/TheFreshDuke/Desktop/iOS/SubsetSumSwift/build/Debug/TimberClone Mac.app"; sourceTree = "<absolute>"; };
		7A4036F419DE3FA8007B6E8F /* AppKit.framework */ = {isa = PBXFileReference; lastKnownFileType = wrapper.framework; name = AppKit.framework; path = Platforms/MacOSX.platform/Developer/SDKs/MacOSX10.9.sdk/System/Library/Frameworks/AppKit.framework; sourceTree = DEVELOPER_DIR; };
		7A59493A19E37F9300F65F90 /* OpenGL.framework */ = {isa = PBXFileReference; lastKnownFileType = wrapper.framework; name = OpenGL.framework; path = Platforms/MacOSX.platform/Developer/SDKs/MacOSX10.9.sdk/System/Library/Frameworks/OpenGL.framework; sourceTree = DEVELOPER_DIR; };
		7A59493C19E37FB200F65F90 /* libz.dylib */ = {isa = PBXFileReference; lastKnownFileType = "compiled.mach-o.dylib"; name = libz.dylib; path = Platforms/MacOSX.platform/Developer/SDKs/MacOSX10.9.sdk/usr/lib/libz.dylib; sourceTree = DEVELOPER_DIR; };
		8392007918EE8E3300B6C429 /* GLKit.framework */ = {isa = PBXFileReference; lastKnownFileType = wrapper.framework; name = GLKit.framework; path = System/Library/Frameworks/GLKit.framework; sourceTree = SDKROOT; };
		B77F1B3117B978D7009739AE /* QuartzCore.framework */ = {isa = PBXFileReference; lastKnownFileType = wrapper.framework; name = QuartzCore.framework; path = System/Library/Frameworks/QuartzCore.framework; sourceTree = SDKROOT; };
		B77F1B3317B978D7009739AE /* OpenGLES.framework */ = {isa = PBXFileReference; lastKnownFileType = wrapper.framework; name = OpenGLES.framework; path = System/Library/Frameworks/OpenGLES.framework; sourceTree = SDKROOT; };
		B77F1B3517B978D7009739AE /* OpenAL.framework */ = {isa = PBXFileReference; lastKnownFileType = wrapper.framework; name = OpenAL.framework; path = System/Library/Frameworks/OpenAL.framework; sourceTree = SDKROOT; };
		B77F1B3717B978D7009739AE /* AudioToolbox.framework */ = {isa = PBXFileReference; lastKnownFileType = wrapper.framework; name = AudioToolbox.framework; path = System/Library/Frameworks/AudioToolbox.framework; sourceTree = SDKROOT; };
		B77F1B3917B978D7009739AE /* AVFoundation.framework */ = {isa = PBXFileReference; lastKnownFileType = wrapper.framework; name = AVFoundation.framework; path = System/Library/Frameworks/AVFoundation.framework; sourceTree = SDKROOT; };
		B77F1B3B17B978D7009739AE /* UIKit.framework */ = {isa = PBXFileReference; lastKnownFileType = wrapper.framework; name = UIKit.framework; path = System/Library/Frameworks/UIKit.framework; sourceTree = SDKROOT; };
		B77F1B3D17B978D7009739AE /* Foundation.framework */ = {isa = PBXFileReference; lastKnownFileType = wrapper.framework; name = Foundation.framework; path = System/Library/Frameworks/Foundation.framework; sourceTree = SDKROOT; };
		B77F1B3F17B978D7009739AE /* CoreGraphics.framework */ = {isa = PBXFileReference; lastKnownFileType = wrapper.framework; name = CoreGraphics.framework; path = System/Library/Frameworks/CoreGraphics.framework; sourceTree = SDKROOT; };
		B77F1B4117B978D7009739AE /* CoreText.framework */ = {isa = PBXFileReference; lastKnownFileType = wrapper.framework; name = CoreText.framework; path = System/Library/Frameworks/CoreText.framework; sourceTree = SDKROOT; };
/* End PBXFileReference section */

/* Begin PBXFrameworksBuildPhase section */
		7A4035FC19DDEE84007B6E8F /* Frameworks */ = {
			isa = PBXFrameworksBuildPhase;
			buildActionMask = 2147483647;
			files = (
				7A59493D19E37FB200F65F90 /* libz.dylib in Frameworks */,
				7A59493B19E37F9300F65F90 /* OpenGL.framework in Frameworks */,
				7A4036F519DE3FA8007B6E8F /* AppKit.framework in Frameworks */,
				7A4036F319DE3FA0007B6E8F /* CoreText.framework in Frameworks */,
				7A4036EE19DE3F93007B6E8F /* OpenAL.framework in Frameworks */,
				7A4036EB19DE3F8E007B6E8F /* GLKit.framework in Frameworks */,
				7A4036EF19DE3F95007B6E8F /* AudioToolbox.framework in Frameworks */,
				7A4036F019DE3F97007B6E8F /* AVFoundation.framework in Frameworks */,
				7A4036EC19DE3F90007B6E8F /* QuartzCore.framework in Frameworks */,
				7A4036F119DE3F9C007B6E8F /* Foundation.framework in Frameworks */,
				7A4036F219DE3F9E007B6E8F /* CoreGraphics.framework in Frameworks */,
			);
			runOnlyForDeploymentPostprocessing = 0;
		};
		927F61A0196C771E000F43EF /* Frameworks */ = {
			isa = PBXFrameworksBuildPhase;
			buildActionMask = 2147483647;
			files = (
				927F61A5196C771E000F43EF /* OpenAL.framework in Frameworks */,
				927F61A9196C771E000F43EF /* Foundation.framework in Frameworks */,
				927F61AA196C771E000F43EF /* CoreGraphics.framework in Frameworks */,
				927F61AB196C771E000F43EF /* CoreText.framework in Frameworks */,
			);
			runOnlyForDeploymentPostprocessing = 0;
		};
		B77F1B2B17B978D7009739AE /* Frameworks */ = {
			isa = PBXFrameworksBuildPhase;
			buildActionMask = 2147483647;
			files = (
				8392007A18EE8E3300B6C429 /* GLKit.framework in Frameworks */,
				B77F1B3217B978D7009739AE /* QuartzCore.framework in Frameworks */,
				B77F1B3417B978D7009739AE /* OpenGLES.framework in Frameworks */,
				B77F1B3617B978D7009739AE /* OpenAL.framework in Frameworks */,
				B77F1B3817B978D7009739AE /* AudioToolbox.framework in Frameworks */,
				B77F1B3A17B978D7009739AE /* AVFoundation.framework in Frameworks */,
				B77F1B3C17B978D7009739AE /* UIKit.framework in Frameworks */,
				B77F1B3E17B978D7009739AE /* Foundation.framework in Frameworks */,
				B77F1B4017B978D7009739AE /* CoreGraphics.framework in Frameworks */,
				B77F1B4217B978D7009739AE /* CoreText.framework in Frameworks */,
			);
			runOnlyForDeploymentPostprocessing = 0;
		};
/* End PBXFrameworksBuildPhase section */

/* Begin PBXGroup section */
		B737893C1807616C0076A88C /* Source */ = {
			isa = PBXGroup;
			children = (
				6F36DE8B1B226DA200F89982 /* MainScene.swift */,
			);
			name = Source;
			sourceTree = "<group>";
		};
		B77F1B2517B978D7009739AE = {
			isa = PBXGroup;
			children = (
				B737893C1807616C0076A88C /* Source */,
				B77F1B3017B978D7009739AE /* Frameworks */,
			);
			sourceTree = "<group>";
		};
		B77F1B3017B978D7009739AE /* Frameworks */ = {
			isa = PBXGroup;
			children = (
				7A59493C19E37FB200F65F90 /* libz.dylib */,
				7A59493A19E37F9300F65F90 /* OpenGL.framework */,
				7A4036F419DE3FA8007B6E8F /* AppKit.framework */,
				8392007918EE8E3300B6C429 /* GLKit.framework */,
				B77F1B3117B978D7009739AE /* QuartzCore.framework */,
				B77F1B3317B978D7009739AE /* OpenGLES.framework */,
				B77F1B3517B978D7009739AE /* OpenAL.framework */,
				B77F1B3717B978D7009739AE /* AudioToolbox.framework */,
				B77F1B3917B978D7009739AE /* AVFoundation.framework */,
				B77F1B3B17B978D7009739AE /* UIKit.framework */,
				B77F1B3D17B978D7009739AE /* Foundation.framework */,
				B77F1B3F17B978D7009739AE /* CoreGraphics.framework */,
				B77F1B4117B978D7009739AE /* CoreText.framework */,
			);
			name = Frameworks;
			sourceTree = "<group>";
		};
/* End PBXGroup section */

/* Begin PBXNativeTarget section */
		7A4035FE19DDEE84007B6E8F /* TimberClone Mac */ = {
			isa = PBXNativeTarget;
			buildConfigurationList = 7A40361E19DDEE84007B6E8F /* Build configuration list for PBXNativeTarget "TimberClone Mac" */;
			buildPhases = (
				7A4035FB19DDEE84007B6E8F /* Sources */,
				7A4035FC19DDEE84007B6E8F /* Frameworks */,
				7A4035FD19DDEE84007B6E8F /* Resources */,
			);
			buildRules = (
			);
			dependencies = (
			);
			name = "TimberClone Mac";
			productName = "TimberClone Mac";
			productReference = 6F36DE8F1B226DE700F89982 /* TimberClone Mac.app */;
			productType = "com.apple.product-type.application";
		};
		927F6198196C771E000F43EF /* TimberClone Android */ = {
			isa = PBXNativeTarget;
			buildConfigurationList = 927F61BC196C771E000F43EF /* Build configuration list for PBXNativeTarget "TimberClone Android" */;
			buildPhases = (
				927F619B196C771E000F43EF /* Run Script */,
				927F619C196C771E000F43EF /* Sources */,
				927F61A0196C771E000F43EF /* Frameworks */,
				927F61AC196C771E000F43EF /* Resources */,
			);
			buildRules = (
			);
			dependencies = (
			);
			name = "TimberClone Android";
			productName = Example;
			productReference = 6F36DE8E1B226DE700F89982 /* TimberClone Android.app */;
			productType = "com.apple.product-type.application";
		};
		B77F1B2D17B978D7009739AE /* TimberClone iOS */ = {
			isa = PBXNativeTarget;
			buildConfigurationList = B77F1CDE17B978D8009739AE /* Build configuration list for PBXNativeTarget "TimberClone iOS" */;
			buildPhases = (
				D2E0167A18D782EC00927430 /* Run Script */,
				B77F1B2A17B978D7009739AE /* Sources */,
				B77F1B2B17B978D7009739AE /* Frameworks */,
				D352B47A19EC5D8A00829775 /* Compile Metal Shaders */,
				B77F1B2C17B978D7009739AE /* Resources */,
			);
			buildRules = (
			);
			dependencies = (
			);
			name = "TimberClone iOS";
			productName = Example;
			productReference = 6F36DE8D1B226DE700F89982 /* TimberClone.app */;
			productType = "com.apple.product-type.application";
		};
/* End PBXNativeTarget section */

/* Begin PBXProject section */
		B77F1B2617B978D7009739AE /* Project object */ = {
			isa = PBXProject;
			attributes = {
				LastUpgradeCheck = 0610;
				ORGANIZATIONNAME = Apportable;
				TargetAttributes = {
					7A4035FE19DDEE84007B6E8F = {
						CreatedOnToolsVersion = 6.0.1;
					};
					B77F1B2D17B978D7009739AE = {
						SystemCapabilities = {
							com.apple.GameCenter = {
								enabled = 0;
							};
						};
					};
				};
			};
			buildConfigurationList = B77F1B2917B978D7009739AE /* Build configuration list for PBXProject "SubsetSumSwift" */;
			compatibilityVersion = "Xcode 3.2";
			developmentRegion = English;
			hasScannedForEncodings = 0;
			knownRegions = (
				en,
				Base,
			);
			mainGroup = B77F1B2517B978D7009739AE;
			productRefGroup = B77F1B2517B978D7009739AE;
			projectDirPath = "";
			projectRoot = "";
			targets = (
				B77F1B2D17B978D7009739AE /* TimberClone iOS */,
				927F6198196C771E000F43EF /* TimberClone Android */,
				7A4035FE19DDEE84007B6E8F /* TimberClone Mac */,
			);
		};
/* End PBXProject section */

/* Begin PBXResourcesBuildPhase section */
		7A4035FD19DDEE84007B6E8F /* Resources */ = {
			isa = PBXResourcesBuildPhase;
			buildActionMask = 2147483647;
			files = (
			);
			runOnlyForDeploymentPostprocessing = 0;
		};
		927F61AC196C771E000F43EF /* Resources */ = {
			isa = PBXResourcesBuildPhase;
			buildActionMask = 2147483647;
			files = (
			);
			runOnlyForDeploymentPostprocessing = 0;
		};
		B77F1B2C17B978D7009739AE /* Resources */ = {
			isa = PBXResourcesBuildPhase;
			buildActionMask = 2147483647;
			files = (
			);
			runOnlyForDeploymentPostprocessing = 0;
		};
/* End PBXResourcesBuildPhase section */

/* Begin PBXShellScriptBuildPhase section */
		927F619B196C771E000F43EF /* Run Script */ = {
			isa = PBXShellScriptBuildPhase;
			buildActionMask = 2147483647;
			files = (
			);
			inputPaths = (
			);
			name = "Run Script";
			outputPaths = (
			);
			runOnlyForDeploymentPostprocessing = 0;
			shellPath = /bin/sh;
			shellScript = "osascript -e 'tell application \"System Events\"' -e 'set ProcessList to name of every process' -e 'if \"SpriteBuilder\" is in ProcessList then' -e 'tell application \"SpriteBuilder\" to publish' -e 'end if' -e 'end tell'";
		};
		D2E0167A18D782EC00927430 /* Run Script */ = {
			isa = PBXShellScriptBuildPhase;
			buildActionMask = 2147483647;
			files = (
			);
			inputPaths = (
			);
			name = "Run Script";
			outputPaths = (
			);
			runOnlyForDeploymentPostprocessing = 0;
			shellPath = /bin/sh;
			shellScript = "# osascript -e 'tell application \"System Events\"' -e 'set ProcessList to name of every process' -e 'if \"SpriteBuilder\" is in ProcessList then' -e 'tell application \"SpriteBuilder\" to publish' -e 'end if' -e 'end tell'";
		};
		D352B47A19EC5D8A00829775 /* Compile Metal Shaders */ = {
			isa = PBXShellScriptBuildPhase;
			buildActionMask = 2147483647;
			files = (
			);
			inputPaths = (
			);
			name = "Compile Metal Shaders";
			outputPaths = (
			);
			runOnlyForDeploymentPostprocessing = 0;
			shellPath = /usr/bin/ruby;
			shellScript = "# Special thanks to Filip Iliescu at Apple for the help with this.\n\n# Environment variables.\nSDK = ENV[\"PLATFORM_NAME\"]\nOBJECT_FILE_DIR = ENV[\"OBJECT_FILE_DIR\"]\nSRCROOT = ENV[\"SRCROOT\"]\nBUILT_PRODUCTS_DIR = ENV[\"BUILT_PRODUCTS_DIR\"]\nPRODUCT_NAME = ENV[\"PRODUCT_NAME\"]\n\n# User variables\n# Directory with your custom .metal files in it.\nSHADER_DIR = \"#{SRCROOT}/Source/MetalShaders\"\n# Location of the cocos2d library directory.\nCOCOS2D_DIR = \"#{SRCROOT}/Source/libs/cocos2d-iphone/cocos2d\"\n\nMETAL_ARGS = [\n\t\"-arch air64\",\n\t\"-emit-llvm\",\n\t\"-c\",\n\t\"-gline-tables-only\",\n\t\"-ffast-math\",\n\t\"-std=ios-metal1.0\",\n    %{-I \"#{COCOS2D_DIR}\"},\n]\n\ndef system(cmd)\n\tputs cmd\n    Kernel.system cmd\nend\n\nPRODUCTS = \"#{OBJECT_FILE_DIR}/CCMetalShaders\"\nARCHIVE = \"#{PRODUCTS}/default.metal-ar\"\n\ndef compile_shader(src)\n\tdst = \"#{PRODUCTS}/#{File.basename(src, \".metal\")}.air\"\n\t\n\t# Compile and archive the shader.\n\tsystem %{xcrun -sdk #{SDK} metal #{METAL_ARGS.join(\" \")} \"#{src}\" -o \"#{dst}\"}\n\tsystem %{xcrun -sdk #{SDK} ar r \"#{ARCHIVE}\" \"#{dst}\"}\nend\n\nif SDK == \"iphoneos\"\n\t# Cannot use default.metallib to avoid clashing with Xcode build magic.\n\t# This is part of a workaround due to the iOS simulator not supporting Metal and may go away in the future.\n\tmetal_lib = \"#{BUILT_PRODUCTS_DIR}/#{PRODUCT_NAME}.app/CCShaders.metallib\"\n    \n\t# Delete the old products dir and metal lib.\n\tsystem %{rm -rf \"#{PRODUCTS}\"}\n    system %{rm -f \"#{metal_lib}\"}\n    system %{mkdir -p \"#{PRODUCTS}\"}\n    \n    # Compile the builtin shaders.\n    compile_shader(%{#{COCOS2D_DIR}/Platforms/iOS/CCShaders.metal})\n    \n\t# Compile/archive all the shaders in the shader directory.\n    Dir.glob(\"#{SHADER_DIR}/*.metal\").each{|src| compile_shader(src)}\n    \n\t# Link all shaders into default lib.\n\tsystem %{xcrun -sdk #{SDK} metallib -o \"#{metal_lib}\" \"#{ARCHIVE}\"}\nend\n";
		};
/* End PBXShellScriptBuildPhase section */

/* Begin PBXSourcesBuildPhase section */
		7A4035FB19DDEE84007B6E8F /* Sources */ = {
			isa = PBXSourcesBuildPhase;
			buildActionMask = 2147483647;
			files = (
			);
			runOnlyForDeploymentPostprocessing = 0;
		};
		927F619C196C771E000F43EF /* Sources */ = {
			isa = PBXSourcesBuildPhase;
			buildActionMask = 2147483647;
			files = (
			);
			runOnlyForDeploymentPostprocessing = 0;
		};
		B77F1B2A17B978D7009739AE /* Sources */ = {
			isa = PBXSourcesBuildPhase;
			buildActionMask = 2147483647;
			files = (
				6F36DE8C1B226DA200F89982 /* MainScene.swift in Sources */,
			);
			runOnlyForDeploymentPostprocessing = 0;
		};
/* End PBXSourcesBuildPhase section */

/* Begin XCBuildConfiguration section */
		7A40361919DDEE84007B6E8F /* Debug */ = {
			isa = XCBuildConfiguration;
			buildSettings = {
				ALWAYS_SEARCH_USER_PATHS = NO;
				ASSETCATALOG_COMPILER_APPICON_NAME = AppIcon;
				CLANG_CXX_LANGUAGE_STANDARD = "gnu++0x";
				CLANG_CXX_LIBRARY = "libc++";
				CLANG_ENABLE_MODULES = YES;
				CLANG_ENABLE_OBJC_ARC = YES;
				CLANG_WARN_DIRECT_OBJC_ISA_USAGE = YES_ERROR;
				CLANG_WARN_OBJC_ROOT_CLASS = YES_ERROR;
				CLANG_WARN_UNREACHABLE_CODE = YES;
				CODE_SIGN_IDENTITY = "-";
				COMBINE_HIDPI_IMAGES = YES;
				COPY_PHASE_STRIP = NO;
				ENABLE_STRICT_OBJC_MSGSEND = YES;
				GCC_DYNAMIC_NO_PIC = NO;
				GCC_PREFIX_HEADER = Source/Prefix.pch;
				GCC_PREPROCESSOR_DEFINITIONS = (
					"DEBUG=1",
					"$(inherited)",
				);
				GCC_WARN_ABOUT_RETURN_TYPE = YES_ERROR;
				GCC_WARN_UNINITIALIZED_AUTOS = YES_AGGRESSIVE;
				HEADER_SEARCH_PATHS = (
					"\"Source/libs/cocos2d-iphone/cocos2d\"/**",
					"Source/libs/cocos2d-iphone/external/Chipmunk/objectivec/include",
					"Source/libs/cocos2d-iphone/external/Chipmunk/include",
					"\"Source/libs/cocos2d-iphone/cocos2d-ui\"/**",
					"\"Source/libs/cocos2d-iphone/external/ObjectAL\"/**",
				);
				INFOPLIST_FILE = Source/Resources/Platforms/Mac/Info.plist;
				LD_RUNPATH_SEARCH_PATHS = "$(inherited) @executable_path/../Frameworks";
				MACOSX_DEPLOYMENT_TARGET = 10.10;
				MTL_ENABLE_DEBUG_INFO = YES;
				OTHER_LDFLAGS = (
					"-ObjC",
					"-lz",
				);
				PRODUCT_MODULE_NAME = TimberClone;
				PRODUCT_NAME = "$(TARGET_NAME)";
				SDKROOT = macosx;
				SWIFT_OBJC_BRIDGING_HEADER = "Source/Bridging-Header.h";
				SWIFT_OPTIMIZATION_LEVEL = "-Onone";
			};
			name = Debug;
		};
		7A40361A19DDEE84007B6E8F /* Release */ = {
			isa = XCBuildConfiguration;
			buildSettings = {
				ALWAYS_SEARCH_USER_PATHS = NO;
				ASSETCATALOG_COMPILER_APPICON_NAME = AppIcon;
				CLANG_CXX_LANGUAGE_STANDARD = "gnu++0x";
				CLANG_CXX_LIBRARY = "libc++";
				CLANG_ENABLE_MODULES = YES;
				CLANG_ENABLE_OBJC_ARC = YES;
				CLANG_WARN_DIRECT_OBJC_ISA_USAGE = YES_ERROR;
				CLANG_WARN_OBJC_ROOT_CLASS = YES_ERROR;
				CLANG_WARN_UNREACHABLE_CODE = YES;
				CODE_SIGN_IDENTITY = "-";
				COMBINE_HIDPI_IMAGES = YES;
				COPY_PHASE_STRIP = YES;
				DEBUG_INFORMATION_FORMAT = "dwarf-with-dsym";
				ENABLE_NS_ASSERTIONS = NO;
				ENABLE_STRICT_OBJC_MSGSEND = YES;
				GCC_PREFIX_HEADER = Source/Prefix.pch;
				GCC_WARN_ABOUT_RETURN_TYPE = YES_ERROR;
				GCC_WARN_UNINITIALIZED_AUTOS = YES_AGGRESSIVE;
				HEADER_SEARCH_PATHS = (
					"\"Source/libs/cocos2d-iphone/cocos2d\"/**",
					"Source/libs/cocos2d-iphone/external/Chipmunk/objectivec/include",
					"Source/libs/cocos2d-iphone/external/Chipmunk/include",
					"\"Source/libs/cocos2d-iphone/cocos2d-ui\"/**",
					"\"Source/libs/cocos2d-iphone/external/ObjectAL\"/**",
				);
				INFOPLIST_FILE = Source/Resources/Platforms/Mac/Info.plist;
				LD_RUNPATH_SEARCH_PATHS = "$(inherited) @executable_path/../Frameworks";
				MACOSX_DEPLOYMENT_TARGET = 10.10;
				MTL_ENABLE_DEBUG_INFO = NO;
				OTHER_LDFLAGS = (
					"-ObjC",
					"-lz",
				);
				PRODUCT_MODULE_NAME = TimberClone;
				PRODUCT_NAME = "$(TARGET_NAME)";
				SDKROOT = macosx;
				SWIFT_OBJC_BRIDGING_HEADER = "Source/Bridging-Header.h";
			};
			name = Release;
		};
		927F61BD196C771E000F43EF /* Debug */ = {
			isa = XCBuildConfiguration;
			buildSettings = {
				ALWAYS_SEARCH_USER_PATHS = NO;
				ANDROID_MANIFEST = "$(SRCROOT)/Source/Resources/Platforms/Android/AndroidManifest.xml";
				ANDROID_RES_DIRS = "$(SRCROOT)/Source/Resources/res";
				CLANG_ENABLE_OBJC_ARC = YES;
				CODE_SIGN_IDENTITY = "iPhone Developer";
				"CODE_SIGN_IDENTITY[sdk=iphoneos*]" = "iPhone Developer";
				COMBINE_HIDPI_IMAGES = YES;
				COPY_PHASE_STRIP = NO;
				GCC_DYNAMIC_NO_PIC = NO;
				GCC_PRECOMPILE_PREFIX_HEADER = YES;
				GCC_PREFIX_HEADER = Source/Prefix.pch;
				GCC_PREPROCESSOR_DEFINITIONS = (
					DEBUG,
					"COCOS2D_DEBUG=1",
					"COCOS2D_ANDROID=1",
				);
				HEADER_SEARCH_PATHS = (
					"\"Source/libs/cocos2d-iphone/cocos2d\"/**",
					"Source/libs/cocos2d-iphone/external/Chipmunk/objectivec/include",
					"Source/libs/cocos2d-iphone/external/Chipmunk/include",
					"\"Source/libs/cocos2d-iphone/cocos2d-ui\"/**",
					"\"Source/libs/cocos2d-iphone/external/ObjectAL\"/**",
				);
				INFOPLIST_FILE = Source/Resources/Platforms/Android/Info.plist;
				IPHONEOS_DEPLOYMENT_TARGET = 5.0;
				LIBRARY_SEARCH_PATHS = (
					"$(inherited)",
					"$(SDKROOT)/usr/lib/armv7a",
					"$(SDKROOT)/usr/local/lib/armv7a-neon",
				);
				ONLY_ACTIVE_ARCH = YES;
				OTHER_LDFLAGS = (
					"-lz",
					"-ObjC",
					"-lEGL",
					"-lgles_apportable",
					"-landroid",
				);
				PRODUCT_MODULE_NAME = TimberClone;
				PRODUCT_NAME = "$(TARGET_NAME)";
				PROVISIONING_PROFILE = "";
				SDKROOT = sbandroid;
				WRAPPER_EXTENSION = app;
				opengles2 = YES;
			};
			name = Debug;
		};
		927F61BE196C771E000F43EF /* Release */ = {
			isa = XCBuildConfiguration;
			buildSettings = {
				ALWAYS_SEARCH_USER_PATHS = NO;
				ANDROID_MANIFEST = "$(SRCROOT)/Source/Resources/Platforms/Android/AndroidManifest.xml";
				ANDROID_RES_DIRS = "$(SRCROOT)/Source/Resources/res";
				CLANG_ENABLE_OBJC_ARC = YES;
				CODE_SIGN_IDENTITY = "iPhone Developer";
				"CODE_SIGN_IDENTITY[sdk=iphoneos*]" = "iPhone Developer";
				COMBINE_HIDPI_IMAGES = YES;
				COPY_PHASE_STRIP = YES;
				GCC_PRECOMPILE_PREFIX_HEADER = YES;
				GCC_PREFIX_HEADER = Source/Prefix.pch;
				GCC_PREPROCESSOR_DEFINITIONS = (
					NDEBUG,
					"NS_BLOCK_ASSERTIONS=1",
					"COCOS2D_ANDROID=1",
				);
				HEADER_SEARCH_PATHS = (
					"\"Source/libs/cocos2d-iphone/cocos2d\"/**",
					"Source/libs/cocos2d-iphone/external/Chipmunk/objectivec/include",
					"Source/libs/cocos2d-iphone/external/Chipmunk/include",
					"\"Source/libs/cocos2d-iphone/cocos2d-ui\"/**",
					"\"Source/libs/cocos2d-iphone/external/ObjectAL\"/**",
				);
				INFOPLIST_FILE = Source/Resources/Platforms/Android/Info.plist;
				IPHONEOS_DEPLOYMENT_TARGET = 5.0;
				LIBRARY_SEARCH_PATHS = (
					"$(inherited)",
					"$(SDKROOT)/usr/lib/armv7a",
					"$(SDKROOT)/usr/local/lib/armv7a-neon",
				);
				OTHER_LDFLAGS = (
					"-lz",
					"-ObjC",
					"-lEGL",
					"-lgles_apportable",
					"-landroid",
				);
				PRODUCT_MODULE_NAME = TimberClone;
				PRODUCT_NAME = "$(TARGET_NAME)";
				PROVISIONING_PROFILE = "";
				SDKROOT = sbandroid;
				VALIDATE_PRODUCT = YES;
				WRAPPER_EXTENSION = app;
				opengles2 = YES;
			};
			name = Release;
		};
		B77F1CDC17B978D8009739AE /* Debug */ = {
			isa = XCBuildConfiguration;
			buildSettings = {
				CLANG_WARN_BOOL_CONVERSION = YES;
				CLANG_WARN_CONSTANT_CONVERSION = YES;
				CLANG_WARN_EMPTY_BODY = YES;
				CLANG_WARN_ENUM_CONVERSION = YES;
				CLANG_WARN_INT_CONVERSION = YES;
				CLANG_WARN_UNREACHABLE_CODE = YES;
				CLANG_WARN__DUPLICATE_METHOD_MATCH = YES;
				"CODE_SIGN_IDENTITY[sdk=iphoneos*]" = "iPhone Developer";
				ENABLE_STRICT_OBJC_MSGSEND = YES;
				GCC_C_LANGUAGE_STANDARD = gnu99;
				GCC_OPTIMIZATION_LEVEL = 0;
				GCC_PREPROCESSOR_DEFINITIONS = (
					DEBUG,
					"COCOS2D_DEBUG=1",
				);
				GCC_SYMBOLS_PRIVATE_EXTERN = NO;
				GCC_VERSION = com.apple.compilers.llvm.clang.1_0;
				GCC_WARN_64_TO_32_BIT_CONVERSION = YES;
				GCC_WARN_ABOUT_RETURN_TYPE = YES;
				GCC_WARN_UNDECLARED_SELECTOR = YES;
				GCC_WARN_UNINITIALIZED_AUTOS = YES;
				GCC_WARN_UNUSED_FUNCTION = YES;
				GCC_WARN_UNUSED_VARIABLE = YES;
				IPHONEOS_DEPLOYMENT_TARGET = 6.0;
				ONLY_ACTIVE_ARCH = YES;
				SDKROOT = iphoneos;
				TARGETED_DEVICE_FAMILY = "1,2";
			};
			name = Debug;
		};
		B77F1CDD17B978D8009739AE /* Release */ = {
			isa = XCBuildConfiguration;
			buildSettings = {
				CLANG_WARN_BOOL_CONVERSION = YES;
				CLANG_WARN_CONSTANT_CONVERSION = YES;
				CLANG_WARN_EMPTY_BODY = YES;
				CLANG_WARN_ENUM_CONVERSION = YES;
				CLANG_WARN_INT_CONVERSION = YES;
				CLANG_WARN_UNREACHABLE_CODE = YES;
				CLANG_WARN__DUPLICATE_METHOD_MATCH = YES;
				"CODE_SIGN_IDENTITY[sdk=iphoneos*]" = "iPhone Developer";
				ENABLE_STRICT_OBJC_MSGSEND = YES;
				GCC_C_LANGUAGE_STANDARD = gnu99;
				GCC_PREPROCESSOR_DEFINITIONS = (
					NDEBUG,
					"NS_BLOCK_ASSERTIONS=1",
				);
				GCC_VERSION = com.apple.compilers.llvm.clang.1_0;
				GCC_WARN_64_TO_32_BIT_CONVERSION = YES;
				GCC_WARN_ABOUT_RETURN_TYPE = YES;
				GCC_WARN_UNDECLARED_SELECTOR = YES;
				GCC_WARN_UNINITIALIZED_AUTOS = YES;
				GCC_WARN_UNUSED_FUNCTION = YES;
				GCC_WARN_UNUSED_VARIABLE = YES;
				IPHONEOS_DEPLOYMENT_TARGET = 6.0;
				SDKROOT = iphoneos;
				TARGETED_DEVICE_FAMILY = "1,2";
			};
			name = Release;
		};
		B77F1CDF17B978D8009739AE /* Debug */ = {
			isa = XCBuildConfiguration;
			buildSettings = {
				ALWAYS_SEARCH_USER_PATHS = NO;
				CLANG_ENABLE_MODULES = YES;
				CLANG_ENABLE_OBJC_ARC = YES;
				CODE_SIGN_IDENTITY = "iPhone Developer";
				"CODE_SIGN_IDENTITY[sdk=iphoneos*]" = "iPhone Developer";
				COPY_PHASE_STRIP = NO;
				GCC_DYNAMIC_NO_PIC = NO;
				GCC_PRECOMPILE_PREFIX_HEADER = YES;
				GCC_PREFIX_HEADER = Source/Prefix.pch;
				HEADER_SEARCH_PATHS = (
					"\"Source/libs/cocos2d-iphone/cocos2d\"/**",
					"Source/libs/cocos2d-iphone/external/Chipmunk/objectivec/include",
					"Source/libs/cocos2d-iphone/external/Chipmunk/include",
					"\"Source/libs/cocos2d-iphone/cocos2d-ui\"/**",
					"\"Source/libs/cocos2d-iphone/external/ObjectAL\"/**",
				);
				INFOPLIST_FILE = Source/Resources/Platforms/iOS/Info.plist;
				IPHONEOS_DEPLOYMENT_TARGET = 7.0;
				LD_RUNPATH_SEARCH_PATHS = "$(inherited) @executable_path/Frameworks";
				ONLY_ACTIVE_ARCH = YES;
				OTHER_LDFLAGS = (
					"-lz",
					"-ObjC",
				);
				PRODUCT_NAME = TimberClone;
				PROVISIONING_PROFILE = "";
				SWIFT_OBJC_BRIDGING_HEADER = "Source/Bridging-Header.h";
				SWIFT_OPTIMIZATION_LEVEL = "-Onone";
				WRAPPER_EXTENSION = app;
			};
			name = Debug;
		};
		B77F1CE017B978D8009739AE /* Release */ = {
			isa = XCBuildConfiguration;
			buildSettings = {
				ALWAYS_SEARCH_USER_PATHS = NO;
				CLANG_ENABLE_MODULES = YES;
				CLANG_ENABLE_OBJC_ARC = YES;
				CODE_SIGN_IDENTITY = "iPhone Developer";
				"CODE_SIGN_IDENTITY[sdk=iphoneos*]" = "iPhone Developer";
				COPY_PHASE_STRIP = YES;
				GCC_PRECOMPILE_PREFIX_HEADER = YES;
				GCC_PREFIX_HEADER = Source/Prefix.pch;
				HEADER_SEARCH_PATHS = (
					"\"Source/libs/cocos2d-iphone/cocos2d\"/**",
					"Source/libs/cocos2d-iphone/external/Chipmunk/objectivec/include",
					"Source/libs/cocos2d-iphone/external/Chipmunk/include",
					"\"Source/libs/cocos2d-iphone/cocos2d-ui\"/**",
					"\"Source/libs/cocos2d-iphone/external/ObjectAL\"/**",
				);
				INFOPLIST_FILE = Source/Resources/Platforms/iOS/Info.plist;
				IPHONEOS_DEPLOYMENT_TARGET = 7.0;
				LD_RUNPATH_SEARCH_PATHS = "$(inherited) @executable_path/Frameworks";
				OTHER_LDFLAGS = (
					"-lz",
					"-ObjC",
				);
				PRODUCT_NAME = TimberClone;
				PROVISIONING_PROFILE = "";
				SWIFT_OBJC_BRIDGING_HEADER = "Source/Bridging-Header.h";
				VALIDATE_PRODUCT = YES;
				WRAPPER_EXTENSION = app;
			};
			name = Release;
		};
/* End XCBuildConfiguration section */

/* Begin XCConfigurationList section */
		7A40361E19DDEE84007B6E8F /* Build configuration list for PBXNativeTarget "TimberClone Mac" */ = {
			isa = XCConfigurationList;
			buildConfigurations = (
				7A40361919DDEE84007B6E8F /* Debug */,
				7A40361A19DDEE84007B6E8F /* Release */,
			);
			defaultConfigurationIsVisible = 0;
			defaultConfigurationName = Release;
		};
		927F61BC196C771E000F43EF /* Build configuration list for PBXNativeTarget "TimberClone Android" */ = {
			isa = XCConfigurationList;
			buildConfigurations = (
				927F61BD196C771E000F43EF /* Debug */,
				927F61BE196C771E000F43EF /* Release */,
			);
			defaultConfigurationIsVisible = 0;
			defaultConfigurationName = Release;
		};
		B77F1B2917B978D7009739AE /* Build configuration list for PBXProject "SubsetSumSwift" */ = {
			isa = XCConfigurationList;
			buildConfigurations = (
				B77F1CDC17B978D8009739AE /* Debug */,
				B77F1CDD17B978D8009739AE /* Release */,
			);
			defaultConfigurationIsVisible = 0;
			defaultConfigurationName = Release;
		};
		B77F1CDE17B978D8009739AE /* Build configuration list for PBXNativeTarget "TimberClone iOS" */ = {
			isa = XCConfigurationList;
			buildConfigurations = (
				B77F1CDF17B978D8009739AE /* Debug */,
				B77F1CE017B978D8009739AE /* Release */,
			);
			defaultConfigurationIsVisible = 0;
			defaultConfigurationName = Release;
		};
/* End XCConfigurationList section */
	};
	rootObject = B77F1B2617B978D7009739AE /* Project object */;
}
